schema: '2.0'
stages:
  data_ingestion:
    cmd: python src/data_ingestion.py
    deps:
    - path: src/data_ingestion.py
      hash: md5
      md5: 2f5730536d8415fe332867e100f06a3c
      size: 2026
    outs:
    - path: data/raw
      hash: md5
      md5: 6d7c9717b531961233cd66af69381384.dir
      size: 817597
      nfiles: 2
  data_preprocessing:
    cmd: python src/data_preprocessing.py
    deps:
    - path: data/raw
      hash: md5
      md5: 6d7c9717b531961233cd66af69381384.dir
      size: 817597
      nfiles: 2
    - path: src/data_preprocessing.py
      hash: md5
      md5: f7ce00687ea5fa3878c1337d2e98effc
      size: 2349
    outs:
    - path: data/processed
      hash: md5
      md5: 767f50a46129b7346647b34ff9620e40.dir
      size: 605486
      nfiles: 2
  feature_enineering:
    cmd: python src/feature_engineering.py
    deps:
    - path: data/processed
      hash: md5
      md5: 767f50a46129b7346647b34ff9620e40.dir
      size: 605486
      nfiles: 2
    - path: src/feature_engineering.py
      hash: md5
      md5: 3575ec0acb3974a6ce3715b534f2f1a5
      size: 1177
    outs:
    - path: data/features
      hash: md5
      md5: ed70c973a49deeee709895b78137a3a0.dir
      size: 1108092
      nfiles: 2
  model_building:
    cmd: python src/model_building.py
    deps:
    - path: data/features
      hash: md5
      md5: ed70c973a49deeee709895b78137a3a0.dir
      size: 1108092
      nfiles: 2
    - path: src/model_building.py
      hash: md5
      md5: 89e5879ebfb13ea4cff9013dee029fc9
      size: 452
    outs:
    - path: model.pkl
      hash: md5
      md5: 6ea81fc69a060ecfcee8844b09bee0f4
      size: 73037
  model_evaluation:
    cmd: python src/model_evaluation.py
    deps:
    - path: model.pkl
      hash: md5
      md5: 6ea81fc69a060ecfcee8844b09bee0f4
      size: 73037
    - path: src/model_evaluation.py
      hash: md5
      md5: 518d0bee93fe15eb5b602803746e8de3
      size: 862
    outs:
    - path: metrics.json
      hash: md5
      md5: 2a7bd96c3902cab98380689e7bb8d916
      size: 140
